{
  "name": "parcel-transformer-svelte",
  "version": "1.1.1",
  "lockfileVersion": 2,
  "requires": true,
  "packages": {
    "": {
      "version": "1.1.1",
      "license": "MIT",
      "dependencies": {
        "@parcel/plugin": "^2.0.0-beta.1",
        "@parcel/source-map": "2.0.0-alpha.4.21",
        "@parcel/utils": "^2.0.0-beta.1",
        "svelte": "^3.24.0"
      },
      "devDependencies": {
        "prettier": "^2.2.1"
      },
      "engines": {
        "node": ">=8",
        "parcel": "^2.0.0-beta.1"
      },
      "peerDependencies": {
        "svelte": "^3.0.0"
      }
    },
    "node_modules/@iarna/toml": {
      "version": "2.2.5",
      "resolved": "https://registry.npm.taobao.org/@iarna/toml/download/@iarna/toml-2.2.5.tgz",
      "integrity": "sha1-syNmyJtDxvjO+976x3i5yCjjuow="
    },
    "node_modules/@nodelib/fs.scandir": {
      "version": "2.1.4",
      "resolved": "https://registry.npm.taobao.org/@nodelib/fs.scandir/download/@nodelib/fs.scandir-2.1.4.tgz?cache=0&sync_timestamp=1609074440839&other_urls=https%3A%2F%2Fregistry.npm.taobao.org%2F%40nodelib%2Ffs.scandir%2Fdownload%2F%40nodelib%2Ffs.scandir-2.1.4.tgz",
      "integrity": "sha1-1LNUml213iaD4MEHGrTxQJBLv2k=",
      "dependencies": {
        "@nodelib/fs.stat": "2.0.4",
        "run-parallel": "^1.1.9"
      },
      "engines": {
        "node": ">= 8"
      }
    },
    "node_modules/@nodelib/fs.stat": {
      "version": "2.0.4",
      "resolved": "https://registry.nlark.com/@nodelib/fs.stat/download/@nodelib/fs.stat-2.0.4.tgz",
      "integrity": "sha1-o/LdYbq0O424+hCKEhz//kxnZlU=",
      "engines": {
        "node": ">= 8"
      }
    },
    "node_modules/@nodelib/fs.walk": {
      "version": "1.2.6",
      "resolved": "https://registry.npm.taobao.org/@nodelib/fs.walk/download/@nodelib/fs.walk-1.2.6.tgz?cache=0&sync_timestamp=1609077069715&other_urls=https%3A%2F%2Fregistry.npm.taobao.org%2F%40nodelib%2Ffs.walk%2Fdownload%2F%40nodelib%2Ffs.walk-1.2.6.tgz",
      "integrity": "sha1-zOk5azCqWv6eN1Zgj1gxrctT0GM=",
      "dependencies": {
        "@nodelib/fs.scandir": "2.1.4",
        "fastq": "^1.6.0"
      },
      "engines": {
        "node": ">= 8"
      }
    },
    "node_modules/@parcel/codeframe": {
      "version": "2.0.0-nightly.667",
      "resolved": "https://registry.nlark.com/@parcel/codeframe/download/@parcel/codeframe-2.0.0-nightly.667.tgz",
      "integrity": "sha1-A91Mq69ubOYDuy3D9kxZ3CPsm+Y=",
      "dependencies": {
        "chalk": "^4.1.0",
        "emphasize": "^4.2.0",
        "slice-ansi": "^4.0.0",
        "string-width": "^4.2.0"
      },
      "engines": {
        "node": ">= 12.0.0"
      }
    },
    "node_modules/@parcel/diagnostic": {
      "version": "2.0.0-nightly.667",
      "resolved": "https://registry.nlark.com/@parcel/diagnostic/download/@parcel/diagnostic-2.0.0-nightly.667.tgz",
      "integrity": "sha1-t0Omm2m08iSdi6eJY1EHFPlr/O4=",
      "dependencies": {
        "json-source-map": "^0.6.1",
        "nullthrows": "^1.1.1"
      },
      "engines": {
        "node": ">= 12.0.0"
      }
    },
    "node_modules/@parcel/events": {
      "version": "2.0.0-nightly.667",
      "resolved": "https://registry.nlark.com/@parcel/events/download/@parcel/events-2.0.0-nightly.667.tgz",
      "integrity": "sha1-YDpHQyKqgCCvrznVuFjRRHZkeVY=",
      "engines": {
        "node": ">= 12.0.0"
      }
    },
    "node_modules/@parcel/logger": {
      "version": "2.0.0-nightly.667",
      "resolved": "https://registry.nlark.com/@parcel/logger/download/@parcel/logger-2.0.0-nightly.667.tgz?cache=0&sync_timestamp=1620956619674&other_urls=https%3A%2F%2Fregistry.nlark.com%2F%40parcel%2Flogger%2Fdownload%2F%40parcel%2Flogger-2.0.0-nightly.667.tgz",
      "integrity": "sha1-FhR+oAepkXdFC7uWDhDVEnnGh7g=",
      "dependencies": {
        "@parcel/diagnostic": "2.0.0-nightly.667+019d7620",
        "@parcel/events": "2.0.0-nightly.667+019d7620"
      },
      "engines": {
        "node": ">= 12.0.0"
      }
    },
    "node_modules/@parcel/markdown-ansi": {
      "version": "2.0.0-nightly.667",
      "resolved": "https://registry.nlark.com/@parcel/markdown-ansi/download/@parcel/markdown-ansi-2.0.0-nightly.667.tgz",
      "integrity": "sha1-OgwqkyDbmYNkKBf0VdQzI8c3sg8=",
      "dependencies": {
        "chalk": "^4.1.0"
      },
      "engines": {
        "node": ">= 12.0.0"
      }
    },
    "node_modules/@parcel/plugin": {
      "version": "2.0.0-nightly.667",
      "resolved": "https://registry.nlark.com/@parcel/plugin/download/@parcel/plugin-2.0.0-nightly.667.tgz",
      "integrity": "sha1-uQEMc0OeJYOhD3scjy4/eHY0dpM=",
      "dependencies": {
        "@parcel/types": "2.0.0-nightly.667+019d7620"
      },
      "engines": {
        "node": ">= 12.0.0"
      }
    },
    "node_modules/@parcel/source-map": {
      "version": "2.0.0-alpha.4.21",
      "resolved": "https://registry.nlark.com/@parcel/source-map/download/@parcel/source-map-2.0.0-alpha.4.21.tgz",
      "integrity": "sha1-YI83/v4Fuh2KhSfKDzqEh1YNRpU=",
      "hasInstallScript": true,
      "dependencies": {
        "node-addon-api": "^3.0.0",
        "node-gyp-build": "^4.2.3"
      },
      "engines": {
        "node": "^12.18.3 || >=14"
      }
    },
    "node_modules/@parcel/types": {
      "version": "2.0.0-nightly.667",
      "resolved": "https://registry.nlark.com/@parcel/types/download/@parcel/types-2.0.0-nightly.667.tgz",
      "integrity": "sha1-YBnG1/6UygB5E9IvH5Mo/KHIUJs="
    },
    "node_modules/@parcel/utils": {
      "version": "2.0.0-nightly.667",
      "resolved": "https://registry.nlark.com/@parcel/utils/download/@parcel/utils-2.0.0-nightly.667.tgz",
      "integrity": "sha1-bz7IvLYDDdBIQ0zGrSJL/7mKcTA=",
      "dependencies": {
        "@iarna/toml": "^2.2.0",
        "@parcel/codeframe": "2.0.0-nightly.667+019d7620",
        "@parcel/diagnostic": "2.0.0-nightly.667+019d7620",
        "@parcel/logger": "2.0.0-nightly.667+019d7620",
        "@parcel/markdown-ansi": "2.0.0-nightly.667+019d7620",
        "@parcel/source-map": "2.0.0-alpha.4.21",
        "ansi-html": "^0.0.7",
        "chalk": "^4.1.0",
        "clone": "^2.1.1",
        "fast-glob": "3.1.1",
        "fastest-levenshtein": "^1.0.8",
        "is-glob": "^4.0.0",
        "is-url": "^1.2.2",
        "json5": "^1.0.1",
        "lru-cache": "^6.0.0",
        "micromatch": "^4.0.2",
        "node-forge": "^0.10.0",
        "nullthrows": "^1.1.1",
        "open": "^7.0.3"
      },
      "engines": {
        "node": ">= 12.0.0"
      }
    },
    "node_modules/ansi-html": {
      "version": "0.0.7",
      "resolved": "https://registry.npm.taobao.org/ansi-html/download/ansi-html-0.0.7.tgz",
      "integrity": "sha1-gTWEAhliqenm/QOflA0S9WynhZ4=",
      "engines": [
        "node >= 0.8.0"
      ],
      "bin": {
        "ansi-html": "bin/ansi-html"
      }
    },
    "node_modules/ansi-regex": {
      "version": "5.0.0",
      "resolved": "https://registry.npm.taobao.org/ansi-regex/download/ansi-regex-5.0.0.tgz",
      "integrity": "sha1-OIU59VF5vzkznIGvMKZU1p+Hy3U=",
      "engines": {
        "node": ">=8"
      }
    },
    "node_modules/ansi-styles": {
      "version": "4.3.0",
      "resolved": "https://registry.nlark.com/ansi-styles/download/ansi-styles-4.3.0.tgz",
      "integrity": "sha1-7dgDYornHATIWuegkG7a00tkiTc=",
      "dependencies": {
        "color-convert": "^2.0.1"
      },
      "engines": {
        "node": ">=8"
      }
    },
    "node_modules/astral-regex": {
      "version": "2.0.0",
      "resolved": "https://registry.npm.taobao.org/astral-regex/download/astral-regex-2.0.0.tgz",
      "integrity": "sha1-SDFDxWeu7UeFdZwIZXhtx319LjE=",
      "engines": {
        "node": ">=8"
      }
    },
    "node_modules/braces": {
      "version": "3.0.2",
      "resolved": "https://registry.npm.taobao.org/braces/download/braces-3.0.2.tgz",
      "integrity": "sha1-NFThpGLujVmeI23zNs2epPiv4Qc=",
      "dependencies": {
        "fill-range": "^7.0.1"
      },
      "engines": {
        "node": ">=8"
      }
    },
    "node_modules/chalk": {
      "version": "4.1.1",
      "resolved": "https://registry.nlark.com/chalk/download/chalk-4.1.1.tgz?cache=0&sync_timestamp=1618995384030&other_urls=https%3A%2F%2Fregistry.nlark.com%2Fchalk%2Fdownload%2Fchalk-4.1.1.tgz",
      "integrity": "sha1-yAs/qyi/Y3HmhjMl7uZ+YYt35q0=",
      "dependencies": {
        "ansi-styles": "^4.1.0",
        "supports-color": "^7.1.0"
      },
      "engines": {
        "node": ">=10"
      }
    },
    "node_modules/clone": {
      "version": "2.1.2",
      "resolved": "https://registry.npm.taobao.org/clone/download/clone-2.1.2.tgz",
      "integrity": "sha1-G39Ln1kfHo+DZwQBYANFoCiHQ18=",
      "engines": {
        "node": ">=0.8"
      }
    },
    "node_modules/color-convert": {
      "version": "2.0.1",
      "resolved": "https://registry.npm.taobao.org/color-convert/download/color-convert-2.0.1.tgz",
      "integrity": "sha1-ctOmjVmMm9s68q0ehPIdiWq9TeM=",
      "dependencies": {
        "color-name": "~1.1.4"
      },
      "engines": {
        "node": ">=7.0.0"
      }
    },
    "node_modules/color-name": {
      "version": "1.1.4",
      "resolved": "https://registry.npm.taobao.org/color-name/download/color-name-1.1.4.tgz",
      "integrity": "sha1-wqCah6y95pVD3m9j+jmVyCbFNqI="
    },
    "node_modules/emoji-regex": {
      "version": "8.0.0",
      "resolved": "https://registry.npm.taobao.org/emoji-regex/download/emoji-regex-8.0.0.tgz?cache=0&sync_timestamp=1614682725186&other_urls=https%3A%2F%2Fregistry.npm.taobao.org%2Femoji-regex%2Fdownload%2Femoji-regex-8.0.0.tgz",
      "integrity": "sha1-6Bj9ac5cz8tARZT4QpY79TFkzDc="
    },
    "node_modules/emphasize": {
      "version": "4.2.0",
      "resolved": "https://registry.npm.taobao.org/emphasize/download/emphasize-4.2.0.tgz",
      "integrity": "sha1-a2/cTSEst+r+ocfN1ZXf1s/FCNk=",
      "dependencies": {
        "chalk": "^4.0.0",
        "highlight.js": "~10.4.0",
        "lowlight": "~1.17.0"
      }
    },
    "node_modules/fast-glob": {
      "version": "3.1.1",
      "resolved": "https://registry.npm.taobao.org/fast-glob/download/fast-glob-3.1.1.tgz?cache=0&sync_timestamp=1610876507758&other_urls=https%3A%2F%2Fregistry.npm.taobao.org%2Ffast-glob%2Fdownload%2Ffast-glob-3.1.1.tgz",
      "integrity": "sha1-h+4w6enz60DW8lSnmXZV2nU9fII=",
      "dependencies": {
        "@nodelib/fs.stat": "^2.0.2",
        "@nodelib/fs.walk": "^1.2.3",
        "glob-parent": "^5.1.0",
        "merge2": "^1.3.0",
        "micromatch": "^4.0.2"
      },
      "engines": {
        "node": ">=8"
      }
    },
    "node_modules/fastest-levenshtein": {
      "version": "1.0.12",
      "resolved": "https://registry.npm.taobao.org/fastest-levenshtein/download/fastest-levenshtein-1.0.12.tgz",
      "integrity": "sha1-mZD306iMxan/0fF0V0UlFwDUl+I="
    },
    "node_modules/fastq": {
      "version": "1.11.0",
      "resolved": "https://registry.npm.taobao.org/fastq/download/fastq-1.11.0.tgz?cache=0&sync_timestamp=1614183553351&other_urls=https%3A%2F%2Fregistry.npm.taobao.org%2Ffastq%2Fdownload%2Ffastq-1.11.0.tgz",
      "integrity": "sha1-u5+5VaBxMKkY62PB9RYcwypdCFg=",
      "dependencies": {
        "reusify": "^1.0.4"
      }
    },
    "node_modules/fault": {
      "version": "1.0.4",
      "resolved": "https://registry.npm.taobao.org/fault/download/fault-1.0.4.tgz",
      "integrity": "sha1-6vz8Cm0hT8lGAeFw3ymVSk+ELxM=",
      "dependencies": {
        "format": "^0.2.0"
      }
    },
    "node_modules/fill-range": {
      "version": "7.0.1",
      "resolved": "https://registry.npm.taobao.org/fill-range/download/fill-range-7.0.1.tgz",
      "integrity": "sha1-GRmmp8df44ssfHflGYU12prN2kA=",
      "dependencies": {
        "to-regex-range": "^5.0.1"
      },
      "engines": {
        "node": ">=8"
      }
    },
    "node_modules/format": {
      "version": "0.2.2",
      "resolved": "https://registry.npm.taobao.org/format/download/format-0.2.2.tgz",
      "integrity": "sha1-1hcBB+nv3E7TDJ3DkBbflCtctYs=",
      "engines": {
        "node": ">=0.4.x"
      }
    },
    "node_modules/glob-parent": {
      "version": "5.1.2",
      "resolved": "https://registry.nlark.com/glob-parent/download/glob-parent-5.1.2.tgz?cache=0&sync_timestamp=1620073438189&other_urls=https%3A%2F%2Fregistry.nlark.com%2Fglob-parent%2Fdownload%2Fglob-parent-5.1.2.tgz",
      "integrity": "sha1-hpgyxYA0/mikCTwX3BXoNA2EAcQ=",
      "dependencies": {
        "is-glob": "^4.0.1"
      },
      "engines": {
        "node": ">= 6"
      }
    },
    "node_modules/has-flag": {
      "version": "4.0.0",
      "resolved": "https://registry.npm.taobao.org/has-flag/download/has-flag-4.0.0.tgz?cache=0&sync_timestamp=1618559744568&other_urls=https%3A%2F%2Fregistry.npm.taobao.org%2Fhas-flag%2Fdownload%2Fhas-flag-4.0.0.tgz",
      "integrity": "sha1-lEdx/ZyByBJlxNaUGGDaBrtZR5s=",
      "engines": {
        "node": ">=8"
      }
    },
    "node_modules/highlight.js": {
      "version": "10.4.1",
      "resolved": "https://registry.nlark.com/highlight.js/download/highlight.js-10.4.1.tgz",
      "integrity": "sha1-1I+89KmXHENhs/lfMCdHr+GdutA=",
      "engines": {
        "node": "*"
      }
    },
    "node_modules/is-docker": {
      "version": "2.2.1",
      "resolved": "https://registry.npm.taobao.org/is-docker/download/is-docker-2.2.1.tgz?cache=0&sync_timestamp=1617958823824&other_urls=https%3A%2F%2Fregistry.npm.taobao.org%2Fis-docker%2Fdownload%2Fis-docker-2.2.1.tgz",
      "integrity": "sha1-M+6r4jz+hvFL3kQIoCwM+4U6zao=",
      "bin": {
        "is-docker": "cli.js"
      },
      "engines": {
        "node": ">=8"
      }
    },
    "node_modules/is-extglob": {
      "version": "2.1.1",
      "resolved": "https://registry.npm.taobao.org/is-extglob/download/is-extglob-2.1.1.tgz",
      "integrity": "sha1-qIwCU1eR8C7TfHahueqXc8gz+MI=",
      "engines": {
        "node": ">=0.10.0"
      }
    },
    "node_modules/is-fullwidth-code-point": {
      "version": "3.0.0",
      "resolved": "https://registry.npm.taobao.org/is-fullwidth-code-point/download/is-fullwidth-code-point-3.0.0.tgz",
      "integrity": "sha1-8Rb4Bk/pCz94RKOJl8C3UFEmnx0=",
      "engines": {
        "node": ">=8"
      }
    },
    "node_modules/is-glob": {
      "version": "4.0.1",
      "resolved": "https://registry.npm.taobao.org/is-glob/download/is-glob-4.0.1.tgz",
      "integrity": "sha1-dWfb6fL14kZ7x3q4PEopSCQHpdw=",
      "dependencies": {
        "is-extglob": "^2.1.1"
      },
      "engines": {
        "node": ">=0.10.0"
      }
    },
    "node_modules/is-number": {
      "version": "7.0.0",
      "resolved": "https://registry.npm.taobao.org/is-number/download/is-number-7.0.0.tgz",
      "integrity": "sha1-dTU0W4lnNNX4DE0GxQlVUnoU8Ss=",
      "engines": {
        "node": ">=0.12.0"
      }
    },
    "node_modules/is-url": {
      "version": "1.2.4",
      "resolved": "https://registry.nlark.com/is-url/download/is-url-1.2.4.tgz",
      "integrity": "sha1-BKTfRtKMTP89c9Af8Gq+sxihqlI="
    },
    "node_modules/is-wsl": {
      "version": "2.2.0",
      "resolved": "https://registry.npm.taobao.org/is-wsl/download/is-wsl-2.2.0.tgz",
      "integrity": "sha1-dKTHbnfKn9P5MvKQwX6jJs0VcnE=",
      "dependencies": {
        "is-docker": "^2.0.0"
      },
      "engines": {
        "node": ">=8"
      }
    },
    "node_modules/json-source-map": {
      "version": "0.6.1",
      "resolved": "https://registry.npm.taobao.org/json-source-map/download/json-source-map-0.6.1.tgz",
      "integrity": "sha1-4LH29M4Tqa1X4q4WWiTQbmLHmg8="
    },
    "node_modules/json5": {
      "version": "1.0.1",
      "resolved": "https://registry.npm.taobao.org/json5/download/json5-1.0.1.tgz",
      "integrity": "sha1-d5+wAYYE+oVOrL9iUhgNg1Q+Pb4=",
      "dependencies": {
        "minimist": "^1.2.0"
      },
      "bin": {
        "json5": "lib/cli.js"
      }
    },
    "node_modules/lowlight": {
      "version": "1.17.0",
      "resolved": "https://registry.npm.taobao.org/lowlight/download/lowlight-1.17.0.tgz",
      "integrity": "sha1-oRQ7L7qCOd+M1Yk/n+l6r4Rlr0o=",
      "dependencies": {
        "fault": "^1.0.0",
        "highlight.js": "~10.4.0"
      }
    },
    "node_modules/lru-cache": {
      "version": "6.0.0",
      "resolved": "https://registry.npm.taobao.org/lru-cache/download/lru-cache-6.0.0.tgz",
      "integrity": "sha1-bW/mVw69lqr5D8rR2vo7JWbbOpQ=",
      "dependencies": {
        "yallist": "^4.0.0"
      },
      "engines": {
        "node": ">=10"
      }
    },
    "node_modules/merge2": {
      "version": "1.4.1",
      "resolved": "https://registry.nlark.com/merge2/download/merge2-1.4.1.tgz",
      "integrity": "sha1-Q2iJL4hekHRVpv19xVwMnUBJkK4=",
      "engines": {
        "node": ">= 8"
      }
    },
    "node_modules/micromatch": {
      "version": "4.0.4",
      "resolved": "https://registry.npm.taobao.org/micromatch/download/micromatch-4.0.4.tgz?cache=0&sync_timestamp=1618054841521&other_urls=https%3A%2F%2Fregistry.npm.taobao.org%2Fmicromatch%2Fdownload%2Fmicromatch-4.0.4.tgz",
      "integrity": "sha1-iW1Rnf6dsl/OlM63pQCRm/iB6/k=",
      "dependencies": {
        "braces": "^3.0.1",
        "picomatch": "^2.2.3"
      },
      "engines": {
        "node": ">=8.6"
      }
    },
    "node_modules/minimist": {
      "version": "1.2.5",
      "resolved": "https://registry.npm.taobao.org/minimist/download/minimist-1.2.5.tgz",
      "integrity": "sha1-Z9ZgFLZqaoqqDAg8X9WN9OTpdgI="
    },
    "node_modules/node-addon-api": {
      "version": "3.1.0",
      "resolved": "https://registry.npm.taobao.org/node-addon-api/download/node-addon-api-3.1.0.tgz",
      "integrity": "sha1-mLIZMVV0ZsZynlHLd805yWX0Ijk="
    },
    "node_modules/node-forge": {
      "version": "0.10.0",
      "resolved": "https://registry.npm.taobao.org/node-forge/download/node-forge-0.10.0.tgz",
      "integrity": "sha1-Mt6ir7Ppkm8C7lzoeUkCaRpna/M=",
      "engines": {
        "node": ">= 6.0.0"
      }
    },
    "node_modules/node-gyp-build": {
      "version": "4.2.3",
      "resolved": "https://registry.npm.taobao.org/node-gyp-build/download/node-gyp-build-4.2.3.tgz",
      "integrity": "sha1-zmJ3+FODX3GIKe+0fbIPPk2cRzk=",
      "bin": {
        "node-gyp-build": "bin.js",
        "node-gyp-build-optional": "optional.js",
        "node-gyp-build-test": "build-test.js"
      }
    },
    "node_modules/nullthrows": {
      "version": "1.1.1",
      "resolved": "https://registry.npm.taobao.org/nullthrows/download/nullthrows-1.1.1.tgz",
      "integrity": "sha1-eBgliEOFaulx6uQgitfX6xmkMbE="
    },
    "node_modules/open": {
      "version": "7.4.2",
      "resolved": "https://registry.nlark.com/open/download/open-7.4.2.tgz",
      "integrity": "sha1-uBR+Jtzz5CYxbHMAif1x7dKcIyE=",
      "dependencies": {
        "is-docker": "^2.0.0",
        "is-wsl": "^2.1.1"
      },
      "engines": {
        "node": ">=8"
      }
    },
    "node_modules/picomatch": {
      "version": "2.2.3",
      "resolved": "https://registry.npm.taobao.org/picomatch/download/picomatch-2.2.3.tgz",
      "integrity": "sha1-RlVH81nMwgbTxI5Goby4m/fuYZ0=",
      "engines": {
        "node": ">=8.6"
      }
    },
    "node_modules/prettier": {
      "version": "2.3.0",
      "resolved": "https://registry.nlark.com/prettier/download/prettier-2.3.0.tgz?cache=0&sync_timestamp=1620594183343&other_urls=https%3A%2F%2Fregistry.nlark.com%2Fprettier%2Fdownload%2Fprettier-2.3.0.tgz",
      "integrity": "sha1-tqW/EoQCauZA8X9/9WWKdWf8DRg=",
      "dev": true,
      "bin": {
        "prettier": "bin-prettier.js"
      },
      "engines": {
        "node": ">=10.13.0"
      }
    },
    "node_modules/queue-microtask": {
      "version": "1.2.3",
      "resolved": "https://registry.npm.taobao.org/queue-microtask/download/queue-microtask-1.2.3.tgz?cache=0&sync_timestamp=1616391471040&other_urls=https%3A%2F%2Fregistry.npm.taobao.org%2Fqueue-microtask%2Fdownload%2Fqueue-microtask-1.2.3.tgz",
      "integrity": "sha1-SSkii7xyTfrEPg77BYyve2z7YkM="
    },
    "node_modules/reusify": {
      "version": "1.0.4",
      "resolved": "https://registry.npm.taobao.org/reusify/download/reusify-1.0.4.tgz",
      "integrity": "sha1-kNo4Kx4SbvwCFG6QhFqI2xKSXXY=",
      "engines": {
        "iojs": ">=1.0.0",
        "node": ">=0.10.0"
      }
    },
    "node_modules/run-parallel": {
      "version": "1.2.0",
      "resolved": "https://registry.npm.taobao.org/run-parallel/download/run-parallel-1.2.0.tgz",
      "integrity": "sha1-ZtE2jae9+SHrnZW9GpIp5/IaQ+4=",
      "dependencies": {
        "queue-microtask": "^1.2.2"
      }
    },
    "node_modules/slice-ansi": {
      "version": "4.0.0",
      "resolved": "https://registry.npm.taobao.org/slice-ansi/download/slice-ansi-4.0.0.tgz?cache=0&sync_timestamp=1618555008681&other_urls=https%3A%2F%2Fregistry.npm.taobao.org%2Fslice-ansi%2Fdownload%2Fslice-ansi-4.0.0.tgz",
      "integrity": "sha1-UA6N0P1VsFgVCGJVsxla3ypF/ms=",
      "dependencies": {
        "ansi-styles": "^4.0.0",
        "astral-regex": "^2.0.0",
        "is-fullwidth-code-point": "^3.0.0"
      },
      "engines": {
        "node": ">=10"
      }
    },
    "node_modules/string-width": {
      "version": "4.2.2",
      "resolved": "https://registry.npm.taobao.org/string-width/download/string-width-4.2.2.tgz?cache=0&sync_timestamp=1618558821529&other_urls=https%3A%2F%2Fregistry.npm.taobao.org%2Fstring-width%2Fdownload%2Fstring-width-4.2.2.tgz",
      "integrity": "sha1-2v1PlVmnWFz7pSnGoKT3NIjr1MU=",
      "dependencies": {
        "emoji-regex": "^8.0.0",
        "is-fullwidth-code-point": "^3.0.0",
        "strip-ansi": "^6.0.0"
      },
      "engines": {
        "node": ">=8"
      }
    },
    "node_modules/strip-ansi": {
      "version": "6.0.0",
      "resolved": "https://registry.npm.taobao.org/strip-ansi/download/strip-ansi-6.0.0.tgz?cache=0&sync_timestamp=1618553388833&other_urls=https%3A%2F%2Fregistry.npm.taobao.org%2Fstrip-ansi%2Fdownload%2Fstrip-ansi-6.0.0.tgz",
      "integrity": "sha1-CxVx3XZpzNTz4G4U7x7tJiJa5TI=",
      "dependencies": {
        "ansi-regex": "^5.0.0"
      },
      "engines": {
        "node": ">=8"
      }
    },
    "node_modules/supports-color": {
      "version": "7.2.0",
      "resolved": "https://registry.nlark.com/supports-color/download/supports-color-7.2.0.tgz?cache=0&sync_timestamp=1618847145907&other_urls=https%3A%2F%2Fregistry.nlark.com%2Fsupports-color%2Fdownload%2Fsupports-color-7.2.0.tgz",
      "integrity": "sha1-G33NyzK4E4gBs+R4umpRyqiWSNo=",
      "dependencies": {
        "has-flag": "^4.0.0"
      },
      "engines": {
        "node": ">=8"
      }
    },
    "node_modules/svelte": {
      "version": "3.38.2",
      "resolved": "https://registry.nlark.com/svelte/download/svelte-3.38.2.tgz",
      "integrity": "sha1-VeXGgfeTrjSbXML+WOV4KvQnXvU=",
      "peer": true,
      "engines": {
        "node": ">= 8"
      }
    },
    "node_modules/to-regex-range": {
      "version": "5.0.1",
      "resolved": "https://registry.npm.taobao.org/to-regex-range/download/to-regex-range-5.0.1.tgz",
      "integrity": "sha1-FkjESq58jZiKMmAY7XL1tN0DkuQ=",
      "dependencies": {
        "is-number": "^7.0.0"
      },
      "engines": {
        "node": ">=8.0"
      }
    },
    "node_modules/yallist": {
      "version": "4.0.0",
      "resolved": "https://registry.nlark.com/yallist/download/yallist-4.0.0.tgz",
      "integrity": "sha1-m7knkNnA7/7GO+c1GeEaNQGaOnI="
    }
  },
  "dependencies": {
    "@iarna/toml": {
      "version": "2.2.5",
      "resolved": "https://registry.npm.taobao.org/@iarna/toml/download/@iarna/toml-2.2.5.tgz",
      "integrity": "sha1-syNmyJtDxvjO+976x3i5yCjjuow="
    },
    "@nodelib/fs.scandir": {
      "version": "2.1.4",
      "resolved": "https://registry.npm.taobao.org/@nodelib/fs.scandir/download/@nodelib/fs.scandir-2.1.4.tgz?cache=0&sync_timestamp=1609074440839&other_urls=https%3A%2F%2Fregistry.npm.taobao.org%2F%40nodelib%2Ffs.scandir%2Fdownload%2F%40nodelib%2Ffs.scandir-2.1.4.tgz",
      "integrity": "sha1-1LNUml213iaD4MEHGrTxQJBLv2k=",
      "requires": {
        "@nodelib/fs.stat": "2.0.4",
        "run-parallel": "^1.1.9"
      }
    },
    "@nodelib/fs.stat": {
      "version": "2.0.4",
      "resolved": "https://registry.nlark.com/@nodelib/fs.stat/download/@nodelib/fs.stat-2.0.4.tgz",
      "integrity": "sha1-o/LdYbq0O424+hCKEhz//kxnZlU="
    },
    "@nodelib/fs.walk": {
      "version": "1.2.6",
      "resolved": "https://registry.npm.taobao.org/@nodelib/fs.walk/download/@nodelib/fs.walk-1.2.6.tgz?cache=0&sync_timestamp=1609077069715&other_urls=https%3A%2F%2Fregistry.npm.taobao.org%2F%40nodelib%2Ffs.walk%2Fdownload%2F%40nodelib%2Ffs.walk-1.2.6.tgz",
      "integrity": "sha1-zOk5azCqWv6eN1Zgj1gxrctT0GM=",
      "requires": {
        "@nodelib/fs.scandir": "2.1.4",
        "fastq": "^1.6.0"
      }
    },
    "@parcel/codeframe": {
      "version": "2.0.0-nightly.667",
      "resolved": "https://registry.nlark.com/@parcel/codeframe/download/@parcel/codeframe-2.0.0-nightly.667.tgz",
      "integrity": "sha1-A91Mq69ubOYDuy3D9kxZ3CPsm+Y=",
      "requires": {
        "chalk": "^4.1.0",
        "emphasize": "^4.2.0",
        "slice-ansi": "^4.0.0",
        "string-width": "^4.2.0"
      }
    },
    "@parcel/diagnostic": {
      "version": "2.0.0-nightly.667",
      "resolved": "https://registry.nlark.com/@parcel/diagnostic/download/@parcel/diagnostic-2.0.0-nightly.667.tgz",
      "integrity": "sha1-t0Omm2m08iSdi6eJY1EHFPlr/O4=",
      "requires": {
        "json-source-map": "^0.6.1",
        "nullthrows": "^1.1.1"
      }
    },
    "@parcel/events": {
      "version": "2.0.0-nightly.667",
      "resolved": "https://registry.nlark.com/@parcel/events/download/@parcel/events-2.0.0-nightly.667.tgz",
      "integrity": "sha1-YDpHQyKqgCCvrznVuFjRRHZkeVY="
    },
    "@parcel/logger": {
      "version": "2.0.0-nightly.667",
      "resolved": "https://registry.nlark.com/@parcel/logger/download/@parcel/logger-2.0.0-nightly.667.tgz?cache=0&sync_timestamp=1620956619674&other_urls=https%3A%2F%2Fregistry.nlark.com%2F%40parcel%2Flogger%2Fdownload%2F%40parcel%2Flogger-2.0.0-nightly.667.tgz",
      "integrity": "sha1-FhR+oAepkXdFC7uWDhDVEnnGh7g=",
      "requires": {
        "@parcel/diagnostic": "2.0.0-nightly.667+019d7620",
        "@parcel/events": "2.0.0-nightly.667+019d7620"
      }
    },
    "@parcel/markdown-ansi": {
      "version": "2.0.0-nightly.667",
      "resolved": "https://registry.nlark.com/@parcel/markdown-ansi/download/@parcel/markdown-ansi-2.0.0-nightly.667.tgz",
      "integrity": "sha1-OgwqkyDbmYNkKBf0VdQzI8c3sg8=",
      "requires": {
        "chalk": "^4.1.0"
      }
    },
    "@parcel/plugin": {
      "version": "2.0.0-nightly.667",
      "resolved": "https://registry.nlark.com/@parcel/plugin/download/@parcel/plugin-2.0.0-nightly.667.tgz",
      "integrity": "sha1-uQEMc0OeJYOhD3scjy4/eHY0dpM=",
      "requires": {
        "@parcel/types": "2.0.0-nightly.667+019d7620"
      }
    },
    "@parcel/source-map": {
      "version": "2.0.0-alpha.4.21",
      "resolved": "https://registry.nlark.com/@parcel/source-map/download/@parcel/source-map-2.0.0-alpha.4.21.tgz",
      "integrity": "sha1-YI83/v4Fuh2KhSfKDzqEh1YNRpU=",
      "requires": {
        "node-addon-api": "^3.0.0",
        "node-gyp-build": "^4.2.3"
      }
    },
    "@parcel/types": {
      "version": "2.0.0-nightly.667",
      "resolved": "https://registry.nlark.com/@parcel/types/download/@parcel/types-2.0.0-nightly.667.tgz",
      "integrity": "sha1-YBnG1/6UygB5E9IvH5Mo/KHIUJs="
    },
    "@parcel/utils": {
      "version": "2.0.0-nightly.667",
      "resolved": "https://registry.nlark.com/@parcel/utils/download/@parcel/utils-2.0.0-nightly.667.tgz",
      "integrity": "sha1-bz7IvLYDDdBIQ0zGrSJL/7mKcTA=",
      "requires": {
        "@iarna/toml": "^2.2.0",
        "@parcel/codeframe": "2.0.0-nightly.667+019d7620",
        "@parcel/diagnostic": "2.0.0-nightly.667+019d7620",
        "@parcel/logger": "2.0.0-nightly.667+019d7620",
        "@parcel/markdown-ansi": "2.0.0-nightly.667+019d7620",
        "@parcel/source-map": "2.0.0-alpha.4.21",
        "ansi-html": "^0.0.7",
        "chalk": "^4.1.0",
        "clone": "^2.1.1",
        "fast-glob": "3.1.1",
        "fastest-levenshtein": "^1.0.8",
        "is-glob": "^4.0.0",
        "is-url": "^1.2.2",
        "json5": "^1.0.1",
        "lru-cache": "^6.0.0",
        "micromatch": "^4.0.2",
        "node-forge": "^0.10.0",
        "nullthrows": "^1.1.1",
        "open": "^7.0.3"
      }
    },
    "ansi-html": {
      "version": "0.0.7",
      "resolved": "https://registry.npm.taobao.org/ansi-html/download/ansi-html-0.0.7.tgz",
      "integrity": "sha1-gTWEAhliqenm/QOflA0S9WynhZ4="
    },
    "ansi-regex": {
      "version": "5.0.0",
      "resolved": "https://registry.npm.taobao.org/ansi-regex/download/ansi-regex-5.0.0.tgz",
      "integrity": "sha1-OIU59VF5vzkznIGvMKZU1p+Hy3U="
    },
    "ansi-styles": {
      "version": "4.3.0",
      "resolved": "https://registry.nlark.com/ansi-styles/download/ansi-styles-4.3.0.tgz",
      "integrity": "sha1-7dgDYornHATIWuegkG7a00tkiTc=",
      "requires": {
        "color-convert": "^2.0.1"
      }
    },
    "astral-regex": {
      "version": "2.0.0",
      "resolved": "https://registry.npm.taobao.org/astral-regex/download/astral-regex-2.0.0.tgz",
      "integrity": "sha1-SDFDxWeu7UeFdZwIZXhtx319LjE="
    },
    "braces": {
      "version": "3.0.2",
      "resolved": "https://registry.npm.taobao.org/braces/download/braces-3.0.2.tgz",
      "integrity": "sha1-NFThpGLujVmeI23zNs2epPiv4Qc=",
      "requires": {
        "fill-range": "^7.0.1"
      }
    },
    "chalk": {
      "version": "4.1.1",
      "resolved": "https://registry.nlark.com/chalk/download/chalk-4.1.1.tgz?cache=0&sync_timestamp=1618995384030&other_urls=https%3A%2F%2Fregistry.nlark.com%2Fchalk%2Fdownload%2Fchalk-4.1.1.tgz",
      "integrity": "sha1-yAs/qyi/Y3HmhjMl7uZ+YYt35q0=",
      "requires": {
        "ansi-styles": "^4.1.0",
        "supports-color": "^7.1.0"
      }
    },
    "clone": {
      "version": "2.1.2",
      "resolved": "https://registry.npm.taobao.org/clone/download/clone-2.1.2.tgz",
      "integrity": "sha1-G39Ln1kfHo+DZwQBYANFoCiHQ18="
    },
    "color-convert": {
      "version": "2.0.1",
      "resolved": "https://registry.npm.taobao.org/color-convert/download/color-convert-2.0.1.tgz",
      "integrity": "sha1-ctOmjVmMm9s68q0ehPIdiWq9TeM=",
      "requires": {
        "color-name": "~1.1.4"
      }
    },
    "color-name": {
      "version": "1.1.4",
      "resolved": "https://registry.npm.taobao.org/color-name/download/color-name-1.1.4.tgz",
      "integrity": "sha1-wqCah6y95pVD3m9j+jmVyCbFNqI="
    },
    "emoji-regex": {
      "version": "8.0.0",
      "resolved": "https://registry.npm.taobao.org/emoji-regex/download/emoji-regex-8.0.0.tgz?cache=0&sync_timestamp=1614682725186&other_urls=https%3A%2F%2Fregistry.npm.taobao.org%2Femoji-regex%2Fdownload%2Femoji-regex-8.0.0.tgz",
      "integrity": "sha1-6Bj9ac5cz8tARZT4QpY79TFkzDc="
    },
    "emphasize": {
      "version": "4.2.0",
      "resolved": "https://registry.npm.taobao.org/emphasize/download/emphasize-4.2.0.tgz",
      "integrity": "sha1-a2/cTSEst+r+ocfN1ZXf1s/FCNk=",
      "requires": {
        "chalk": "^4.0.0",
        "highlight.js": "~10.4.0",
        "lowlight": "~1.17.0"
      }
    },
    "fast-glob": {
      "version": "3.1.1",
      "resolved": "https://registry.npm.taobao.org/fast-glob/download/fast-glob-3.1.1.tgz?cache=0&sync_timestamp=1610876507758&other_urls=https%3A%2F%2Fregistry.npm.taobao.org%2Ffast-glob%2Fdownload%2Ffast-glob-3.1.1.tgz",
      "integrity": "sha1-h+4w6enz60DW8lSnmXZV2nU9fII=",
      "requires": {
        "@nodelib/fs.stat": "^2.0.2",
        "@nodelib/fs.walk": "^1.2.3",
        "glob-parent": "^5.1.0",
        "merge2": "^1.3.0",
        "micromatch": "^4.0.2"
      }
    },
    "fastest-levenshtein": {
      "version": "1.0.12",
      "resolved": "https://registry.npm.taobao.org/fastest-levenshtein/download/fastest-levenshtein-1.0.12.tgz",
      "integrity": "sha1-mZD306iMxan/0fF0V0UlFwDUl+I="
    },
    "fastq": {
      "version": "1.11.0",
      "resolved": "https://registry.npm.taobao.org/fastq/download/fastq-1.11.0.tgz?cache=0&sync_timestamp=1614183553351&other_urls=https%3A%2F%2Fregistry.npm.taobao.org%2Ffastq%2Fdownload%2Ffastq-1.11.0.tgz",
      "integrity": "sha1-u5+5VaBxMKkY62PB9RYcwypdCFg=",
      "requires": {
        "reusify": "^1.0.4"
      }
    },
    "fault": {
      "version": "1.0.4",
      "resolved": "https://registry.npm.taobao.org/fault/download/fault-1.0.4.tgz",
      "integrity": "sha1-6vz8Cm0hT8lGAeFw3ymVSk+ELxM=",
      "requires": {
        "format": "^0.2.0"
      }
    },
    "fill-range": {
      "version": "7.0.1",
      "resolved": "https://registry.npm.taobao.org/fill-range/download/fill-range-7.0.1.tgz",
      "integrity": "sha1-GRmmp8df44ssfHflGYU12prN2kA=",
      "requires": {
        "to-regex-range": "^5.0.1"
      }
    },
    "format": {
      "version": "0.2.2",
      "resolved": "https://registry.npm.taobao.org/format/download/format-0.2.2.tgz",
      "integrity": "sha1-1hcBB+nv3E7TDJ3DkBbflCtctYs="
    },
    "glob-parent": {
      "version": "5.1.2",
      "resolved": "https://registry.nlark.com/glob-parent/download/glob-parent-5.1.2.tgz?cache=0&sync_timestamp=1620073438189&other_urls=https%3A%2F%2Fregistry.nlark.com%2Fglob-parent%2Fdownload%2Fglob-parent-5.1.2.tgz",
      "integrity": "sha1-hpgyxYA0/mikCTwX3BXoNA2EAcQ=",
      "requires": {
        "is-glob": "^4.0.1"
      }
    },
    "has-flag": {
      "version": "4.0.0",
      "resolved": "https://registry.npm.taobao.org/has-flag/download/has-flag-4.0.0.tgz?cache=0&sync_timestamp=1618559744568&other_urls=https%3A%2F%2Fregistry.npm.taobao.org%2Fhas-flag%2Fdownload%2Fhas-flag-4.0.0.tgz",
      "integrity": "sha1-lEdx/ZyByBJlxNaUGGDaBrtZR5s="
    },
    "highlight.js": {
      "version": "10.4.1",
      "resolved": "https://registry.nlark.com/highlight.js/download/highlight.js-10.4.1.tgz",
      "integrity": "sha1-1I+89KmXHENhs/lfMCdHr+GdutA="
    },
    "is-docker": {
      "version": "2.2.1",
      "resolved": "https://registry.npm.taobao.org/is-docker/download/is-docker-2.2.1.tgz?cache=0&sync_timestamp=1617958823824&other_urls=https%3A%2F%2Fregistry.npm.taobao.org%2Fis-docker%2Fdownload%2Fis-docker-2.2.1.tgz",
      "integrity": "sha1-M+6r4jz+hvFL3kQIoCwM+4U6zao="
    },
    "is-extglob": {
      "version": "2.1.1",
      "resolved": "https://registry.npm.taobao.org/is-extglob/download/is-extglob-2.1.1.tgz",
      "integrity": "sha1-qIwCU1eR8C7TfHahueqXc8gz+MI="
    },
    "is-fullwidth-code-point": {
      "version": "3.0.0",
      "resolved": "https://registry.npm.taobao.org/is-fullwidth-code-point/download/is-fullwidth-code-point-3.0.0.tgz",
      "integrity": "sha1-8Rb4Bk/pCz94RKOJl8C3UFEmnx0="
    },
    "is-glob": {
      "version": "4.0.1",
      "resolved": "https://registry.npm.taobao.org/is-glob/download/is-glob-4.0.1.tgz",
      "integrity": "sha1-dWfb6fL14kZ7x3q4PEopSCQHpdw=",
      "requires": {
        "is-extglob": "^2.1.1"
      }
    },
    "is-number": {
      "version": "7.0.0",
      "resolved": "https://registry.npm.taobao.org/is-number/download/is-number-7.0.0.tgz",
      "integrity": "sha1-dTU0W4lnNNX4DE0GxQlVUnoU8Ss="
    },
    "is-url": {
      "version": "1.2.4",
      "resolved": "https://registry.nlark.com/is-url/download/is-url-1.2.4.tgz",
      "integrity": "sha1-BKTfRtKMTP89c9Af8Gq+sxihqlI="
    },
    "is-wsl": {
      "version": "2.2.0",
      "resolved": "https://registry.npm.taobao.org/is-wsl/download/is-wsl-2.2.0.tgz",
      "integrity": "sha1-dKTHbnfKn9P5MvKQwX6jJs0VcnE=",
      "requires": {
        "is-docker": "^2.0.0"
      }
    },
    "json-source-map": {
      "version": "0.6.1",
      "resolved": "https://registry.npm.taobao.org/json-source-map/download/json-source-map-0.6.1.tgz",
      "integrity": "sha1-4LH29M4Tqa1X4q4WWiTQbmLHmg8="
    },
    "json5": {
      "version": "1.0.1",
      "resolved": "https://registry.npm.taobao.org/json5/download/json5-1.0.1.tgz",
      "integrity": "sha1-d5+wAYYE+oVOrL9iUhgNg1Q+Pb4=",
      "requires": {
        "minimist": "^1.2.0"
      }
    },
    "lowlight": {
      "version": "1.17.0",
      "resolved": "https://registry.npm.taobao.org/lowlight/download/lowlight-1.17.0.tgz",
      "integrity": "sha1-oRQ7L7qCOd+M1Yk/n+l6r4Rlr0o=",
      "requires": {
        "fault": "^1.0.0",
        "highlight.js": "~10.4.0"
      }
    },
    "lru-cache": {
      "version": "6.0.0",
      "resolved": "https://registry.npm.taobao.org/lru-cache/download/lru-cache-6.0.0.tgz",
      "integrity": "sha1-bW/mVw69lqr5D8rR2vo7JWbbOpQ=",
      "requires": {
        "yallist": "^4.0.0"
      }
    },
    "merge2": {
      "version": "1.4.1",
      "resolved": "https://registry.nlark.com/merge2/download/merge2-1.4.1.tgz",
      "integrity": "sha1-Q2iJL4hekHRVpv19xVwMnUBJkK4="
    },
    "micromatch": {
      "version": "4.0.4",
      "resolved": "https://registry.npm.taobao.org/micromatch/download/micromatch-4.0.4.tgz?cache=0&sync_timestamp=1618054841521&other_urls=https%3A%2F%2Fregistry.npm.taobao.org%2Fmicromatch%2Fdownload%2Fmicromatch-4.0.4.tgz",
      "integrity": "sha1-iW1Rnf6dsl/OlM63pQCRm/iB6/k=",
      "requires": {
        "braces": "^3.0.1",
        "picomatch": "^2.2.3"
      }
    },
    "minimist": {
      "version": "1.2.5",
      "resolved": "https://registry.npm.taobao.org/minimist/download/minimist-1.2.5.tgz",
      "integrity": "sha1-Z9ZgFLZqaoqqDAg8X9WN9OTpdgI="
    },
    "node-addon-api": {
      "version": "3.1.0",
      "resolved": "https://registry.npm.taobao.org/node-addon-api/download/node-addon-api-3.1.0.tgz",
      "integrity": "sha1-mLIZMVV0ZsZynlHLd805yWX0Ijk="
    },
    "node-forge": {
      "version": "0.10.0",
      "resolved": "https://registry.npm.taobao.org/node-forge/download/node-forge-0.10.0.tgz",
      "integrity": "sha1-Mt6ir7Ppkm8C7lzoeUkCaRpna/M="
    },
    "node-gyp-build": {
      "version": "4.2.3",
      "resolved": "https://registry.npm.taobao.org/node-gyp-build/download/node-gyp-build-4.2.3.tgz",
      "integrity": "sha1-zmJ3+FODX3GIKe+0fbIPPk2cRzk="
    },
    "nullthrows": {
      "version": "1.1.1",
      "resolved": "https://registry.npm.taobao.org/nullthrows/download/nullthrows-1.1.1.tgz",
      "integrity": "sha1-eBgliEOFaulx6uQgitfX6xmkMbE="
    },
    "open": {
      "version": "7.4.2",
      "resolved": "https://registry.nlark.com/open/download/open-7.4.2.tgz",
      "integrity": "sha1-uBR+Jtzz5CYxbHMAif1x7dKcIyE=",
      "requires": {
        "is-docker": "^2.0.0",
        "is-wsl": "^2.1.1"
      }
    },
    "picomatch": {
      "version": "2.2.3",
      "resolved": "https://registry.npm.taobao.org/picomatch/download/picomatch-2.2.3.tgz",
      "integrity": "sha1-RlVH81nMwgbTxI5Goby4m/fuYZ0="
    },
    "prettier": {
      "version": "2.3.0",
      "resolved": "https://registry.nlark.com/prettier/download/prettier-2.3.0.tgz?cache=0&sync_timestamp=1620594183343&other_urls=https%3A%2F%2Fregistry.nlark.com%2Fprettier%2Fdownload%2Fprettier-2.3.0.tgz",
      "integrity": "sha1-tqW/EoQCauZA8X9/9WWKdWf8DRg=",
      "dev": true
    },
    "queue-microtask": {
      "version": "1.2.3",
      "resolved": "https://registry.npm.taobao.org/queue-microtask/download/queue-microtask-1.2.3.tgz?cache=0&sync_timestamp=1616391471040&other_urls=https%3A%2F%2Fregistry.npm.taobao.org%2Fqueue-microtask%2Fdownload%2Fqueue-microtask-1.2.3.tgz",
      "integrity": "sha1-SSkii7xyTfrEPg77BYyve2z7YkM="
    },
    "reusify": {
      "version": "1.0.4",
      "resolved": "https://registry.npm.taobao.org/reusify/download/reusify-1.0.4.tgz",
      "integrity": "sha1-kNo4Kx4SbvwCFG6QhFqI2xKSXXY="
    },
    "run-parallel": {
      "version": "1.2.0",
      "resolved": "https://registry.npm.taobao.org/run-parallel/download/run-parallel-1.2.0.tgz",
      "integrity": "sha1-ZtE2jae9+SHrnZW9GpIp5/IaQ+4=",
      "requires": {
        "queue-microtask": "^1.2.2"
      }
    },
    "slice-ansi": {
      "version": "4.0.0",
      "resolved": "https://registry.npm.taobao.org/slice-ansi/download/slice-ansi-4.0.0.tgz?cache=0&sync_timestamp=1618555008681&other_urls=https%3A%2F%2Fregistry.npm.taobao.org%2Fslice-ansi%2Fdownload%2Fslice-ansi-4.0.0.tgz",
      "integrity": "sha1-UA6N0P1VsFgVCGJVsxla3ypF/ms=",
      "requires": {
        "ansi-styles": "^4.0.0",
        "astral-regex": "^2.0.0",
        "is-fullwidth-code-point": "^3.0.0"
      }
    },
    "string-width": {
      "version": "4.2.2",
      "resolved": "https://registry.npm.taobao.org/string-width/download/string-width-4.2.2.tgz?cache=0&sync_timestamp=1618558821529&other_urls=https%3A%2F%2Fregistry.npm.taobao.org%2Fstring-width%2Fdownload%2Fstring-width-4.2.2.tgz",
      "integrity": "sha1-2v1PlVmnWFz7pSnGoKT3NIjr1MU=",
      "requires": {
        "emoji-regex": "^8.0.0",
        "is-fullwidth-code-point": "^3.0.0",
        "strip-ansi": "^6.0.0"
      }
    },
    "strip-ansi": {
      "version": "6.0.0",
      "resolved": "https://registry.npm.taobao.org/strip-ansi/download/strip-ansi-6.0.0.tgz?cache=0&sync_timestamp=1618553388833&other_urls=https%3A%2F%2Fregistry.npm.taobao.org%2Fstrip-ansi%2Fdownload%2Fstrip-ansi-6.0.0.tgz",
      "integrity": "sha1-CxVx3XZpzNTz4G4U7x7tJiJa5TI=",
      "requires": {
        "ansi-regex": "^5.0.0"
      }
    },
    "supports-color": {
      "version": "7.2.0",
      "resolved": "https://registry.nlark.com/supports-color/download/supports-color-7.2.0.tgz?cache=0&sync_timestamp=1618847145907&other_urls=https%3A%2F%2Fregistry.nlark.com%2Fsupports-color%2Fdownload%2Fsupports-color-7.2.0.tgz",
      "integrity": "sha1-G33NyzK4E4gBs+R4umpRyqiWSNo=",
      "requires": {
        "has-flag": "^4.0.0"
      }
    },
    "svelte": {
      "version": "3.38.2",
      "resolved": "https://registry.nlark.com/svelte/download/svelte-3.38.2.tgz",
      "integrity": "sha1-VeXGgfeTrjSbXML+WOV4KvQnXvU=",
      "peer": true
    },
    "to-regex-range": {
      "version": "5.0.1",
      "resolved": "https://registry.npm.taobao.org/to-regex-range/download/to-regex-range-5.0.1.tgz",
      "integrity": "sha1-FkjESq58jZiKMmAY7XL1tN0DkuQ=",
      "requires": {
        "is-number": "^7.0.0"
      }
    },
    "yallist": {
      "version": "4.0.0",
      "resolved": "https://registry.nlark.com/yallist/download/yallist-4.0.0.tgz",
      "integrity": "sha1-m7knkNnA7/7GO+c1GeEaNQGaOnI="
    }
  }
}
